
Microsoft Visual Studio Solution File, Format Version 12.00
# Visual Studio Version 16
VisualStudioVersion = 16.0.28803.202
MinimumVisualStudioVersion = 10.0.40219.1
Project("{9A19103F-16F7-4668-BE54-9A1E7A4F7556}") = "CrashMe.Core", "src\CrashMe.Core\CrashMe.Core.csproj", "{79D30A67-6D96-4A00-945A-7AF7D762A72C}"
EndProject
Project("{9A19103F-16F7-4668-BE54-9A1E7A4F7556}") = "CrashMe.Common", "src\CrashMe.Common\CrashMe.Common.csproj", "{B24DE58C-F69D-40E2-B8EF-B340BE0F8C56}"
EndProject
Project("{FAE04EC0-301F-11D3-BF4B-00C04F79EFBC}") = "CrashMe", "src\CrashMe\CrashMe.csproj", "{B2306C31-359B-4FE3-B59C-27A61486DD92}"
EndProject
Global
	GlobalSection(SolutionConfigurationPlatforms) = preSolution
		Debug|Any CPU = Debug|Any CPU
		Release|Any CPU = Release|Any CPU
	EndGlobalSection
	GlobalSection(ProjectConfigurationPlatforms) = postSolution
		{79D30A67-6D96-4A00-945A-7AF7D762A72C}.Debug|Any CPU.ActiveCfg = Debug|Any CPU
		{79D30A67-6D96-4A00-945A-7AF7D762A72C}.Debug|Any CPU.Build.0 = Debug|Any CPU
		{79D30A67-6D96-4A00-945A-7AF7D762A72C}.Release|Any CPU.ActiveCfg = Release|Any CPU
		{79D30A67-6D96-4A00-945A-7AF7D762A72C}.Release|Any CPU.Build.0 = Release|Any CPU
		{B24DE58C-F69D-40E2-B8EF-B340BE0F8C56}.Debug|Any CPU.ActiveCfg = Debug|Any CPU
		{B24DE58C-F69D-40E2-B8EF-B340BE0F8C56}.Debug|Any CPU.Build.0 = Debug|Any CPU
		{B24DE58C-F69D-40E2-B8EF-B340BE0F8C56}.Release|Any CPU.ActiveCfg = Release|Any CPU
		{B24DE58C-F69D-40E2-B8EF-B340BE0F8C56}.Release|Any CPU.Build.0 = Release|Any CPU
		{B2306C31-359B-4FE3-B59C-27A61486DD92}.Debug|Any CPU.ActiveCfg = Debug|Any CPU
		{B2306C31-359B-4FE3-B59C-27A61486DD92}.Debug|Any CPU.Build.0 = Debug|Any CPU
		{B2306C31-359B-4FE3-B59C-27A61486DD92}.Release|Any CPU.ActiveCfg = Release|Any CPU
		{B2306C31-359B-4FE3-B59C-27A61486DD92}.Release|Any CPU.Build.0 = Release|Any CPU
	EndGlobalSection
	GlobalSection(SolutionProperties) = preSolution
		HideSolutionNode = FALSE
	EndGlobalSection
	GlobalSection(ExtensibilityGlobals) = postSolution
		SolutionGuid = {18986721-316E-497C-B687-125FCFC0266C}
	EndGlobalSection
EndGlobal
